
Microsoft Visual Studio Solution File, Format Version 12.00
# Visual Studio Version 16
VisualStudioVersion = 16.0.31205.134
MinimumVisualStudioVersion = 10.0.40219.1
Project("{2150E333-8FDC-42A3-9474-1A3956D46DE8}") = "Fromtend", "Fromtend", "{08B53080-AA67-4791-BB7B-8822106D6326}"
EndProject
Project("{2150E333-8FDC-42A3-9474-1A3956D46DE8}") = "mobile_api", "mobile_api", "{C258B62A-0D7B-484F-A6D6-D3A17790FE79}"
EndProject
Project("{9A19103F-16F7-4668-BE54-9A1E7A4F7556}") = "digikala.web", "digika.web\digikala.web.csproj", "{32C614F1-482A-4B87-B368-EAD6896B3769}"
EndProject
Project("{9A19103F-16F7-4668-BE54-9A1E7A4F7556}") = "digika_mobileapp", "digika_mobileapp\digika_mobileapp.csproj", "{100D8638-E9FE-41F4-A455-5919FAE85130}"
EndProject
Project("{2150E333-8FDC-42A3-9474-1A3956D46DE8}") = "Services", "Services", "{4EEAE228-B525-4895-AC8A-7EA68A269F3C}"
EndProject
Project("{9A19103F-16F7-4668-BE54-9A1E7A4F7556}") = "Digikala.Services.CouponApi", "Services\Digikala.Services.CouponApi\Digikala.Services.CouponApi.csproj", "{3F5E4C6B-7C8E-486C-BC92-848BC88F70C4}"
EndProject
Project("{9A19103F-16F7-4668-BE54-9A1E7A4F7556}") = "Digikala.Services.Identity", "Services\Digikala.Services.Identity\Digikala.Services.Identity.csproj", "{1464ED14-DABE-42FD-8D61-D367990A8129}"
EndProject
Project("{9A19103F-16F7-4668-BE54-9A1E7A4F7556}") = "Digikala.Services.Shoppingcart", "Services\Digikala.Services.Shoppingcart\Digikala.Services.Shoppingcart.csproj", "{95CDFD4A-624D-481A-88D4-FB18262ACCFE}"
EndProject
Project("{9A19103F-16F7-4668-BE54-9A1E7A4F7556}") = "Digikala.Services.Checkout", "Services\Digikala.Services.Checkout\Digikala.Services.Checkout.csproj", "{91309868-4E1E-4F14-9E70-DE439A2B0A5B}"
EndProject
Project("{9A19103F-16F7-4668-BE54-9A1E7A4F7556}") = "Digikala.Services.Payment", "Services\Digikala.Services.Payment\Digikala.Services.Payment.csproj", "{DC05810E-22AC-4290-8DD8-1B11574D5076}"
EndProject
Project("{9A19103F-16F7-4668-BE54-9A1E7A4F7556}") = "Digikala.Services.Product", "Services\Digikala.Services.Product\Digikala.Services.Product.csproj", "{13C0809A-CC23-49A0-A7DB-E220B003D885}"
EndProject
Project("{2150E333-8FDC-42A3-9474-1A3956D46DE8}") = "Gateway", "Gateway", "{1D908516-182C-45EA-BC67-EC8089A30BB8}"
EndProject
Project("{FAE04EC0-301F-11D3-BF4B-00C04F79EFBC}") = "Digikala.GatewaySolution", "Gateway\Digikala.GatewaySolution\Digikala.GatewaySolution.csproj", "{2A23AE31-59CE-4B9A-A9DD-832B33316FC9}"
EndProject
Global
	GlobalSection(SolutionConfigurationPlatforms) = preSolution
		Debug|Any CPU = Debug|Any CPU
		Release|Any CPU = Release|Any CPU
	EndGlobalSection
	GlobalSection(ProjectConfigurationPlatforms) = postSolution
		{32C614F1-482A-4B87-B368-EAD6896B3769}.Debug|Any CPU.ActiveCfg = Debug|Any CPU
		{32C614F1-482A-4B87-B368-EAD6896B3769}.Debug|Any CPU.Build.0 = Debug|Any CPU
		{32C614F1-482A-4B87-B368-EAD6896B3769}.Release|Any CPU.ActiveCfg = Release|Any CPU
		{32C614F1-482A-4B87-B368-EAD6896B3769}.Release|Any CPU.Build.0 = Release|Any CPU
		{100D8638-E9FE-41F4-A455-5919FAE85130}.Debug|Any CPU.ActiveCfg = Debug|Any CPU
		{100D8638-E9FE-41F4-A455-5919FAE85130}.Debug|Any CPU.Build.0 = Debug|Any CPU
		{100D8638-E9FE-41F4-A455-5919FAE85130}.Release|Any CPU.ActiveCfg = Release|Any CPU
		{100D8638-E9FE-41F4-A455-5919FAE85130}.Release|Any CPU.Build.0 = Release|Any CPU
		{3F5E4C6B-7C8E-486C-BC92-848BC88F70C4}.Debug|Any CPU.ActiveCfg = Debug|Any CPU
		{3F5E4C6B-7C8E-486C-BC92-848BC88F70C4}.Debug|Any CPU.Build.0 = Debug|Any CPU
		{3F5E4C6B-7C8E-486C-BC92-848BC88F70C4}.Release|Any CPU.ActiveCfg = Release|Any CPU
		{3F5E4C6B-7C8E-486C-BC92-848BC88F70C4}.Release|Any CPU.Build.0 = Release|Any CPU
		{1464ED14-DABE-42FD-8D61-D367990A8129}.Debug|Any CPU.ActiveCfg = Debug|Any CPU
		{1464ED14-DABE-42FD-8D61-D367990A8129}.Debug|Any CPU.Build.0 = Debug|Any CPU
		{1464ED14-DABE-42FD-8D61-D367990A8129}.Release|Any CPU.ActiveCfg = Release|Any CPU
		{1464ED14-DABE-42FD-8D61-D367990A8129}.Release|Any CPU.Build.0 = Release|Any CPU
		{95CDFD4A-624D-481A-88D4-FB18262ACCFE}.Debug|Any CPU.ActiveCfg = Debug|Any CPU
		{95CDFD4A-624D-481A-88D4-FB18262ACCFE}.Debug|Any CPU.Build.0 = Debug|Any CPU
		{95CDFD4A-624D-481A-88D4-FB18262ACCFE}.Release|Any CPU.ActiveCfg = Release|Any CPU
		{95CDFD4A-624D-481A-88D4-FB18262ACCFE}.Release|Any CPU.Build.0 = Release|Any CPU
		{91309868-4E1E-4F14-9E70-DE439A2B0A5B}.Debug|Any CPU.ActiveCfg = Debug|Any CPU
		{91309868-4E1E-4F14-9E70-DE439A2B0A5B}.Debug|Any CPU.Build.0 = Debug|Any CPU
		{91309868-4E1E-4F14-9E70-DE439A2B0A5B}.Release|Any CPU.ActiveCfg = Release|Any CPU
		{91309868-4E1E-4F14-9E70-DE439A2B0A5B}.Release|Any CPU.Build.0 = Release|Any CPU
		{DC05810E-22AC-4290-8DD8-1B11574D5076}.Debug|Any CPU.ActiveCfg = Debug|Any CPU
		{DC05810E-22AC-4290-8DD8-1B11574D5076}.Debug|Any CPU.Build.0 = Debug|Any CPU
		{DC05810E-22AC-4290-8DD8-1B11574D5076}.Release|Any CPU.ActiveCfg = Release|Any CPU
		{DC05810E-22AC-4290-8DD8-1B11574D5076}.Release|Any CPU.Build.0 = Release|Any CPU
		{13C0809A-CC23-49A0-A7DB-E220B003D885}.Debug|Any CPU.ActiveCfg = Debug|Any CPU
		{13C0809A-CC23-49A0-A7DB-E220B003D885}.Debug|Any CPU.Build.0 = Debug|Any CPU
		{13C0809A-CC23-49A0-A7DB-E220B003D885}.Release|Any CPU.ActiveCfg = Release|Any CPU
		{13C0809A-CC23-49A0-A7DB-E220B003D885}.Release|Any CPU.Build.0 = Release|Any CPU
		{2A23AE31-59CE-4B9A-A9DD-832B33316FC9}.Debug|Any CPU.ActiveCfg = Debug|Any CPU
		{2A23AE31-59CE-4B9A-A9DD-832B33316FC9}.Debug|Any CPU.Build.0 = Debug|Any CPU
		{2A23AE31-59CE-4B9A-A9DD-832B33316FC9}.Release|Any CPU.ActiveCfg = Release|Any CPU
		{2A23AE31-59CE-4B9A-A9DD-832B33316FC9}.Release|Any CPU.Build.0 = Release|Any CPU
	EndGlobalSection
	GlobalSection(SolutionProperties) = preSolution
		HideSolutionNode = FALSE
	EndGlobalSection
	GlobalSection(NestedProjects) = preSolution
		{32C614F1-482A-4B87-B368-EAD6896B3769} = {08B53080-AA67-4791-BB7B-8822106D6326}
		{100D8638-E9FE-41F4-A455-5919FAE85130} = {C258B62A-0D7B-484F-A6D6-D3A17790FE79}
		{3F5E4C6B-7C8E-486C-BC92-848BC88F70C4} = {4EEAE228-B525-4895-AC8A-7EA68A269F3C}
		{1464ED14-DABE-42FD-8D61-D367990A8129} = {4EEAE228-B525-4895-AC8A-7EA68A269F3C}
		{95CDFD4A-624D-481A-88D4-FB18262ACCFE} = {4EEAE228-B525-4895-AC8A-7EA68A269F3C}
		{91309868-4E1E-4F14-9E70-DE439A2B0A5B} = {4EEAE228-B525-4895-AC8A-7EA68A269F3C}
		{DC05810E-22AC-4290-8DD8-1B11574D5076} = {4EEAE228-B525-4895-AC8A-7EA68A269F3C}
		{13C0809A-CC23-49A0-A7DB-E220B003D885} = {4EEAE228-B525-4895-AC8A-7EA68A269F3C}
		{2A23AE31-59CE-4B9A-A9DD-832B33316FC9} = {1D908516-182C-45EA-BC67-EC8089A30BB8}
	EndGlobalSection
	GlobalSection(ExtensibilityGlobals) = postSolution
		SolutionGuid = {060C25D7-25D1-40B2-85CB-F5720C8BEEC8}
	EndGlobalSection
EndGlobal
